
Microsoft Visual Studio Solution File, Format Version 12.00
# Visual Studio 14
VisualStudioVersion = 14.0.25420.1
MinimumVisualStudioVersion = 10.0.40219.1
Project("{FAE04EC0-301F-11D3-BF4B-00C04F79EFBC}") = "CapaPresetacion", "Gym\CapaPresetacion.csproj", "{28180492-690A-412B-9C2A-B0FB9ECDA749}"
EndProject
Project("{FAE04EC0-301F-11D3-BF4B-00C04F79EFBC}") = "CapaDatos", "CapaDatos\CapaDatos.csproj", "{563FE2F4-0640-4E90-ADA7-E799963134CD}"
EndProject
Project("{FAE04EC0-301F-11D3-BF4B-00C04F79EFBC}") = "CapaNegocio", "CapaNegocio\CapaNegocio.csproj", "{11F392CB-5EB0-48AA-BC41-A26A53971817}"
EndProject
Global
	GlobalSection(SolutionConfigurationPlatforms) = preSolution
		Debug|Any CPU = Debug|Any CPU
		Release|Any CPU = Release|Any CPU
	EndGlobalSection
	GlobalSection(ProjectConfigurationPlatforms) = postSolution
		{28180492-690A-412B-9C2A-B0FB9ECDA749}.Debug|Any CPU.ActiveCfg = Debug|Any CPU
		{28180492-690A-412B-9C2A-B0FB9ECDA749}.Debug|Any CPU.Build.0 = Debug|Any CPU
		{28180492-690A-412B-9C2A-B0FB9ECDA749}.Release|Any CPU.ActiveCfg = Release|Any CPU
		{28180492-690A-412B-9C2A-B0FB9ECDA749}.Release|Any CPU.Build.0 = Release|Any CPU
		{563FE2F4-0640-4E90-ADA7-E799963134CD}.Debug|Any CPU.ActiveCfg = Debug|Any CPU
		{563FE2F4-0640-4E90-ADA7-E799963134CD}.Debug|Any CPU.Build.0 = Debug|Any CPU
		{563FE2F4-0640-4E90-ADA7-E799963134CD}.Release|Any CPU.ActiveCfg = Release|Any CPU
		{563FE2F4-0640-4E90-ADA7-E799963134CD}.Release|Any CPU.Build.0 = Release|Any CPU
		{11F392CB-5EB0-48AA-BC41-A26A53971817}.Debug|Any CPU.ActiveCfg = Debug|Any CPU
		{11F392CB-5EB0-48AA-BC41-A26A53971817}.Debug|Any CPU.Build.0 = Debug|Any CPU
		{11F392CB-5EB0-48AA-BC41-A26A53971817}.Release|Any CPU.ActiveCfg = Release|Any CPU
		{11F392CB-5EB0-48AA-BC41-A26A53971817}.Release|Any CPU.Build.0 = Release|Any CPU
	EndGlobalSection
	GlobalSection(SolutionProperties) = preSolution
		HideSolutionNode = FALSE
	EndGlobalSection
EndGlobal
